
Microsoft Visual Studio Solution File, Format Version 12.00
# Visual Studio 15
VisualStudioVersion = 15.0.26228.9
MinimumVisualStudioVersion = 10.0.40219.1
Project("{8BC9CEB8-8B4A-11D0-8D11-00A0C91BC942}") = "m1_tracking", "m1_tracking\m1_tracking.vcxproj", "{A454EFE3-B7F9-46D8-88A9-293DB3BD2B24}"
	ProjectSection(ProjectDependencies) = postProject
		{8B471D1B-E8EC-46B1-A54B-904074D96E5A} = {8B471D1B-E8EC-46B1-A54B-904074D96E5A}
	EndProjectSection
EndProject
Project("{8BC9CEB8-8B4A-11D0-8D11-00A0C91BC942}") = "m2_processing", "m2_processing\m2_processing.vcxproj", "{33030920-87FF-4EE0-89D5-1E56BEA18DFB}"
EndProject
Project("{8BC9CEB8-8B4A-11D0-8D11-00A0C91BC942}") = "m3_magnification", "m3_magnification\m3_magnification.vcxproj", "{ED860E45-FECF-46CF-8752-8ACEA1E61949}"
EndProject
Project("{8BC9CEB8-8B4A-11D0-8D11-00A0C91BC942}") = "prodcon", "prodcon\prodcon.vcxproj", "{8B471D1B-E8EC-46B1-A54B-904074D96E5A}"
EndProject
Global
	GlobalSection(SolutionConfigurationPlatforms) = preSolution
		Debug|x64 = Debug|x64
		Debug|x86 = Debug|x86
		Release|x64 = Release|x64
		Release|x86 = Release|x86
	EndGlobalSection
	GlobalSection(ProjectConfigurationPlatforms) = postSolution
		{A454EFE3-B7F9-46D8-88A9-293DB3BD2B24}.Debug|x64.ActiveCfg = Debug|x64
		{A454EFE3-B7F9-46D8-88A9-293DB3BD2B24}.Debug|x64.Build.0 = Debug|x64
		{A454EFE3-B7F9-46D8-88A9-293DB3BD2B24}.Debug|x86.ActiveCfg = Debug|Win32
		{A454EFE3-B7F9-46D8-88A9-293DB3BD2B24}.Debug|x86.Build.0 = Debug|Win32
		{A454EFE3-B7F9-46D8-88A9-293DB3BD2B24}.Release|x64.ActiveCfg = Release|x64
		{A454EFE3-B7F9-46D8-88A9-293DB3BD2B24}.Release|x64.Build.0 = Release|x64
		{A454EFE3-B7F9-46D8-88A9-293DB3BD2B24}.Release|x86.ActiveCfg = Release|Win32
		{A454EFE3-B7F9-46D8-88A9-293DB3BD2B24}.Release|x86.Build.0 = Release|Win32
		{33030920-87FF-4EE0-89D5-1E56BEA18DFB}.Debug|x64.ActiveCfg = Debug|x64
		{33030920-87FF-4EE0-89D5-1E56BEA18DFB}.Debug|x64.Build.0 = Debug|x64
		{33030920-87FF-4EE0-89D5-1E56BEA18DFB}.Debug|x86.ActiveCfg = Debug|Win32
		{33030920-87FF-4EE0-89D5-1E56BEA18DFB}.Debug|x86.Build.0 = Debug|Win32
		{33030920-87FF-4EE0-89D5-1E56BEA18DFB}.Release|x64.ActiveCfg = Release|x64
		{33030920-87FF-4EE0-89D5-1E56BEA18DFB}.Release|x64.Build.0 = Release|x64
		{33030920-87FF-4EE0-89D5-1E56BEA18DFB}.Release|x86.ActiveCfg = Release|Win32
		{33030920-87FF-4EE0-89D5-1E56BEA18DFB}.Release|x86.Build.0 = Release|Win32
		{ED860E45-FECF-46CF-8752-8ACEA1E61949}.Debug|x64.ActiveCfg = Debug|x64
		{ED860E45-FECF-46CF-8752-8ACEA1E61949}.Debug|x64.Build.0 = Debug|x64
		{ED860E45-FECF-46CF-8752-8ACEA1E61949}.Debug|x86.ActiveCfg = Debug|Win32
		{ED860E45-FECF-46CF-8752-8ACEA1E61949}.Debug|x86.Build.0 = Debug|Win32
		{ED860E45-FECF-46CF-8752-8ACEA1E61949}.Release|x64.ActiveCfg = Release|x64
		{ED860E45-FECF-46CF-8752-8ACEA1E61949}.Release|x64.Build.0 = Release|x64
		{ED860E45-FECF-46CF-8752-8ACEA1E61949}.Release|x86.ActiveCfg = Release|Win32
		{ED860E45-FECF-46CF-8752-8ACEA1E61949}.Release|x86.Build.0 = Release|Win32
		{8B471D1B-E8EC-46B1-A54B-904074D96E5A}.Debug|x64.ActiveCfg = Debug|x64
		{8B471D1B-E8EC-46B1-A54B-904074D96E5A}.Debug|x64.Build.0 = Debug|x64
		{8B471D1B-E8EC-46B1-A54B-904074D96E5A}.Debug|x86.ActiveCfg = Debug|Win32
		{8B471D1B-E8EC-46B1-A54B-904074D96E5A}.Debug|x86.Build.0 = Debug|Win32
		{8B471D1B-E8EC-46B1-A54B-904074D96E5A}.Release|x64.ActiveCfg = Release|x64
		{8B471D1B-E8EC-46B1-A54B-904074D96E5A}.Release|x64.Build.0 = Release|x64
		{8B471D1B-E8EC-46B1-A54B-904074D96E5A}.Release|x86.ActiveCfg = Release|Win32
		{8B471D1B-E8EC-46B1-A54B-904074D96E5A}.Release|x86.Build.0 = Release|Win32
	EndGlobalSection
	GlobalSection(SolutionProperties) = preSolution
		HideSolutionNode = FALSE
	EndGlobalSection
EndGlobal
